Microsoft Visual Studio Solution File, Format Version 12.00
# Visual Studio Version 17
VisualStudioVersion = 17.5.2.0
MinimumVisualStudioVersion = 10.0.40219.1
Project("{2150E333-8FDC-42A3-9474-1A3956D46DE8}") = "GWLauncher", "GWLauncher", "{4DF37AA8-BB67-F28B-5ED3-3EA6DD1ED4CB}"
EndProject
Project("{2150E333-8FDC-42A3-9474-1A3956D46DE8}") = "Run_GWLauncher", "Run_GWLauncher", "{49C06875-2FEF-9FCF-AB96-CE97054B9A33}"
EndProject
Project("{FAE04EC0-301F-11D3-BF4B-00C04F79EFBC}") = "BravoGameLauncherGui", "GWLauncher\BravoGameLauncherGui.csproj", "{0CF2A0F0-9C31-7690-2C31-32E1D6E4E329}"
EndProject
Project("{FAE04EC0-301F-11D3-BF4B-00C04F79EFBC}") = "GWBootstrap", "Run_GWLauncher\GWBootstrap.csproj", "{96B126D1-7618-E303-5CE6-BC8952184D75}"
EndProject
Global
	GlobalSection(SolutionConfigurationPlatforms) = preSolution
		Debug|Any CPU = Debug|Any CPU
		Release|Any CPU = Release|Any CPU
	EndGlobalSection
	GlobalSection(ProjectConfigurationPlatforms) = postSolution
		{0CF2A0F0-9C31-7690-2C31-32E1D6E4E329}.Debug|Any CPU.ActiveCfg = Debug|Any CPU
		{0CF2A0F0-9C31-7690-2C31-32E1D6E4E329}.Debug|Any CPU.Build.0 = Debug|Any CPU
		{0CF2A0F0-9C31-7690-2C31-32E1D6E4E329}.Release|Any CPU.ActiveCfg = Release|Any CPU
		{0CF2A0F0-9C31-7690-2C31-32E1D6E4E329}.Release|Any CPU.Build.0 = Release|Any CPU
		{96B126D1-7618-E303-5CE6-BC8952184D75}.Debug|Any CPU.ActiveCfg = Debug|Any CPU
		{96B126D1-7618-E303-5CE6-BC8952184D75}.Debug|Any CPU.Build.0 = Debug|Any CPU
		{96B126D1-7618-E303-5CE6-BC8952184D75}.Release|Any CPU.ActiveCfg = Release|Any CPU
		{96B126D1-7618-E303-5CE6-BC8952184D75}.Release|Any CPU.Build.0 = Release|Any CPU
	EndGlobalSection
	GlobalSection(SolutionProperties) = preSolution
		HideSolutionNode = FALSE
	EndGlobalSection
	GlobalSection(NestedProjects) = preSolution
		{0CF2A0F0-9C31-7690-2C31-32E1D6E4E329} = {4DF37AA8-BB67-F28B-5ED3-3EA6DD1ED4CB}
		{96B126D1-7618-E303-5CE6-BC8952184D75} = {49C06875-2FEF-9FCF-AB96-CE97054B9A33}
	EndGlobalSection
	GlobalSection(ExtensibilityGlobals) = postSolution
		SolutionGuid = {7FE397B0-367D-4181-A4CF-FA7926A88EE0}
	EndGlobalSection
EndGlobal
